
Microsoft Visual Studio Solution File, Format Version 12.00
# Visual Studio 2013
VisualStudioVersion = 12.0.21005.1
MinimumVisualStudioVersion = 10.0.40219.1
Project("{FAE04EC0-301F-11D3-BF4B-00C04F79EFBC}") = "admin Functions", "admin Functions\admin Functions.csproj", "{8235B342-2870-44F9-9A25-6737C95D0DCE}"
EndProject
Global
	GlobalSection(SolutionConfigurationPlatforms) = preSolution
		Debug|Any CPU = Debug|Any CPU
		Release|Any CPU = Release|Any CPU
	EndGlobalSection
	GlobalSection(ProjectConfigurationPlatforms) = postSolution
		{8235B342-2870-44F9-9A25-6737C95D0DCE}.Debug|Any CPU.ActiveCfg = Debug|Any CPU
		{8235B342-2870-44F9-9A25-6737C95D0DCE}.Debug|Any CPU.Build.0 = Debug|Any CPU
		{8235B342-2870-44F9-9A25-6737C95D0DCE}.Release|Any CPU.ActiveCfg = Release|Any CPU
		{8235B342-2870-44F9-9A25-6737C95D0DCE}.Release|Any CPU.Build.0 = Release|Any CPU
	EndGlobalSection
	GlobalSection(SolutionProperties) = preSolution
		HideSolutionNode = FALSE
	EndGlobalSection
EndGlobal
